
Microsoft Visual Studio Solution File, Format Version 12.00
# Visual Studio Version 17
VisualStudioVersion = 17.7.34018.315
MinimumVisualStudioVersion = 10.0.40219.1
Project("{FAE04EC0-301F-11D3-BF4B-00C04F79EFBC}") = "KosulUygulamalari", "KosulUygulamalari\KosulUygulamalari.csproj", "{9DA7F30D-B0E3-4AB1-AB9A-738D1094609D}"
EndProject
Global
	GlobalSection(SolutionConfigurationPlatforms) = preSolution
		Debug|Any CPU = Debug|Any CPU
		Release|Any CPU = Release|Any CPU
	EndGlobalSection
	GlobalSection(ProjectConfigurationPlatforms) = postSolution
		{9DA7F30D-B0E3-4AB1-AB9A-738D1094609D}.Debug|Any CPU.ActiveCfg = Debug|Any CPU
		{9DA7F30D-B0E3-4AB1-AB9A-738D1094609D}.Debug|Any CPU.Build.0 = Debug|Any CPU
		{9DA7F30D-B0E3-4AB1-AB9A-738D1094609D}.Release|Any CPU.ActiveCfg = Release|Any CPU
		{9DA7F30D-B0E3-4AB1-AB9A-738D1094609D}.Release|Any CPU.Build.0 = Release|Any CPU
	EndGlobalSection
	GlobalSection(SolutionProperties) = preSolution
		HideSolutionNode = FALSE
	EndGlobalSection
	GlobalSection(ExtensibilityGlobals) = postSolution
		SolutionGuid = {D0A0CCF4-FC59-4355-96FC-0EF928A77977}
	EndGlobalSection
EndGlobal
